// !$*UTF8*$!
{
	archiveVersion = 1;
	classes = {
	};
	objectVersion = 77;
	objects = {

/* Begin PBXBuildFile section */
		3B5852F72F9004380044E307 /* QuackKit.framework in Frameworks */ = {isa = PBXBuildFile; fileRef = 3BQK00002FC00000001F0EA1 /* QuackKit.framework */; };
		3BA00002300000000000F002 /* Markdown in Frameworks */ = {isa = PBXBuildFile; productRef = 3BA00012300000000000F012 /* Markdown */; };
		3BA00004300000000000F004 /* Sparkle in Frameworks */ = {isa = PBXBuildFile; productRef = 3BA00014300000000000F014 /* Sparkle */; };
		3BQI00032FC10003001F0EA1 /* QuackInterface in Frameworks */ = {isa = PBXBuildFile; productRef = 3BQI00022FC10002001F0EA1 /* QuackInterface */; };
		3BQK00012FC00001001F0EA1 /* QuackKit.framework in Frameworks */ = {isa = PBXBuildFile; fileRef = 3BQK00002FC00000001F0EA1 /* QuackKit.framework */; };
		3BQK00022FC00002001F0EA1 /* QuackKit.framework in Embed Frameworks */ = {isa = PBXBuildFile; fileRef = 3BQK00002FC00000001F0EA1 /* QuackKit.framework */; settings = {ATTRIBUTES = (CodeSignOnCopy, RemoveHeadersOnCopy, ); }; };
		3BQK00402FC00040001F0EA1 /* AgentRunKit in Frameworks */ = {isa = PBXBuildFile; productRef = 3BQK00302FC00030001F0EA1 /* AgentRunKit */; };
		3BQK00412FC00041001F0EA1 /* AgentRunKitFoundationModels in Frameworks */ = {isa = PBXBuildFile; productRef = 3BQK00312FC00031001F0EA1 /* AgentRunKitFoundationModels */; };
		3BQK00422FC00042001F0EA1 /* AgentRunKitMLX in Frameworks */ = {isa = PBXBuildFile; productRef = 3BQK00322FC00032001F0EA1 /* AgentRunKitMLX */; };
		3BQK00432FC00043001F0EA1 /* QuackInterface in Frameworks */ = {isa = PBXBuildFile; productRef = 3BQK00332FC00033001F0EA1 /* QuackInterface */; };
/* End PBXBuildFile section */

/* Begin PBXContainerItemProxy section */
		3B5852F82F9004380044E307 /* PBXContainerItemProxy */ = {
			isa = PBXContainerItemProxy;
			containerPortal = 3B8480772F730847000F16F0 /* Project object */;
			proxyType = 1;
			remoteGlobalIDString = 3BQK00102FC00010001F0EA1;
			remoteInfo = QuackKit;
		};
		3BQK00032FC00003001F0EA1 /* PBXContainerItemProxy */ = {
			isa = PBXContainerItemProxy;
			containerPortal = 3B8480772F730847000F16F0 /* Project object */;
			proxyType = 1;
			remoteGlobalIDString = 3BQK00102FC00010001F0EA1;
			remoteInfo = QuackKit;
		};
/* End PBXContainerItemProxy section */

/* Begin PBXCopyFilesBuildPhase section */
		3BQK00042FC00004001F0EA1 /* Embed Frameworks */ = {
			isa = PBXCopyFilesBuildPhase;
			buildActionMask = 2147483647;
			dstPath = "";
			dstSubfolderSpec = 10;
			files = (
				3BQK00022FC00002001F0EA1 /* QuackKit.framework in Embed Frameworks */,
			);
			name = "Embed Frameworks";
			runOnlyForDeploymentPostprocessing = 0;
		};
/* End PBXCopyFilesBuildPhase section */

/* Begin PBXFileReference section */
		3B4165552F76954D007C292E /* README.md */ = {isa = PBXFileReference; lastKnownFileType = net.daringfireball.markdown; path = README.md; sourceTree = "<group>"; };
		3B4165C42F76ACF6007C292E /* Quack-Info.plist */ = {isa = PBXFileReference; lastKnownFileType = text.plist.xml; path = "Quack-Info.plist"; sourceTree = "<group>"; };
		3B5852F32F9004380044E307 /* QuackKitTests.xctest */ = {isa = PBXFileReference; explicitFileType = wrapper.cfbundle; includeInIndex = 0; path = QuackKitTests.xctest; sourceTree = BUILT_PRODUCTS_DIR; };
		3B84807F2F730847000F16F0 /* Quack.app */ = {isa = PBXFileReference; explicitFileType = wrapper.application; includeInIndex = 0; path = Quack.app; sourceTree = BUILT_PRODUCTS_DIR; };
		3BQK00002FC00000001F0EA1 /* QuackKit.framework */ = {isa = PBXFileReference; explicitFileType = wrapper.framework; includeInIndex = 0; path = QuackKit.framework; sourceTree = BUILT_PRODUCTS_DIR; };
		3BSEC0013000000100000001 /* Secrets.xcconfig */ = {isa = PBXFileReference; lastKnownFileType = text.xcconfig; path = Secrets.xcconfig; sourceTree = "<group>"; };
/* End PBXFileReference section */

/* Begin PBXFileSystemSynchronizedRootGroup section */
		3B5852F42F9004380044E307 /* QuackKitTests */ = {
			isa = PBXFileSystemSynchronizedRootGroup;
			path = QuackKitTests;
			sourceTree = "<group>";
		};
		3B8480812F730847000F16F0 /* Quack */ = {
			isa = PBXFileSystemSynchronizedRootGroup;
			path = Quack;
			sourceTree = "<group>";
		};
		3BQK00112FC00011001F0EA1 /* QuackKit */ = {
			isa = PBXFileSystemSynchronizedRootGroup;
			path = QuackKit;
			sourceTree = "<group>";
		};
/* End PBXFileSystemSynchronizedRootGroup section */

/* Begin PBXFrameworksBuildPhase section */
		3B5852F02F9004380044E307 /* Frameworks */ = {
			isa = PBXFrameworksBuildPhase;
			buildActionMask = 2147483647;
			files = (
				3B5852F72F9004380044E307 /* QuackKit.framework in Frameworks */,
			);
			runOnlyForDeploymentPostprocessing = 0;
		};
		3B84807C2F730847000F16F0 /* Frameworks */ = {
			isa = PBXFrameworksBuildPhase;
			buildActionMask = 2147483647;
			files = (
				3BQK00012FC00001001F0EA1 /* QuackKit.framework in Frameworks */,
				3BA00002300000000000F002 /* Markdown in Frameworks */,
				3BA00004300000000000F004 /* Sparkle in Frameworks */,
				3BQI00032FC10003001F0EA1 /* QuackInterface in Frameworks */,
			);
			runOnlyForDeploymentPostprocessing = 0;
		};
		3BQK00122FC00012001F0EA1 /* Frameworks */ = {
			isa = PBXFrameworksBuildPhase;
			buildActionMask = 2147483647;
			files = (
				3BQK00402FC00040001F0EA1 /* AgentRunKit in Frameworks */,
				3BQK00412FC00041001F0EA1 /* AgentRunKitFoundationModels in Frameworks */,
				3BQK00422FC00042001F0EA1 /* AgentRunKitMLX in Frameworks */,
				3BQK00432FC00043001F0EA1 /* QuackInterface in Frameworks */,
			);
			runOnlyForDeploymentPostprocessing = 0;
		};
/* End PBXFrameworksBuildPhase section */

/* Begin PBXGroup section */
		3B8480762F730847000F16F0 = {
			isa = PBXGroup;
			children = (
				3B4165552F76954D007C292E /* README.md */,
				3B4165C42F76ACF6007C292E /* Quack-Info.plist */,
				3BSEC0013000000100000001 /* Secrets.xcconfig */,
				3B8480812F730847000F16F0 /* Quack */,
				3BQK00112FC00011001F0EA1 /* QuackKit */,
				3B5852F42F9004380044E307 /* QuackKitTests */,
				3B8480802F730847000F16F0 /* Products */,
			);
			sourceTree = "<group>";
		};
		3B8480802F730847000F16F0 /* Products */ = {
			isa = PBXGroup;
			children = (
				3B84807F2F730847000F16F0 /* Quack.app */,
				3BQK00002FC00000001F0EA1 /* QuackKit.framework */,
				3B5852F32F9004380044E307 /* QuackKitTests.xctest */,
			);
			name = Products;
			sourceTree = "<group>";
		};
/* End PBXGroup section */

/* Begin PBXHeadersBuildPhase section */
		3BQK00132FC00013001F0EA1 /* Headers */ = {
			isa = PBXHeadersBuildPhase;
			buildActionMask = 2147483647;
			files = (
			);
			runOnlyForDeploymentPostprocessing = 0;
		};
/* End PBXHeadersBuildPhase section */

/* Begin PBXNativeTarget section */
		3B5852F22F9004380044E307 /* QuackKitTests */ = {
			isa = PBXNativeTarget;
			buildConfigurationList = 3B5852FA2F9004380044E307 /* Build configuration list for PBXNativeTarget "QuackKitTests" */;
			buildPhases = (
				3B5852EF2F9004380044E307 /* Sources */,
				3B5852F02F9004380044E307 /* Frameworks */,
				3B5852F12F9004380044E307 /* Resources */,
			);
			buildRules = (
			);
			dependencies = (
				3B5852F92F9004380044E307 /* PBXTargetDependency */,
			);
			fileSystemSynchronizedGroups = (
				3B5852F42F9004380044E307 /* QuackKitTests */,
			);
			name = QuackKitTests;
			packageProductDependencies = (
			);
			productName = QuackKitTests;
			productReference = 3B5852F32F9004380044E307 /* QuackKitTests.xctest */;
			productType = "com.apple.product-type.bundle.unit-test";
		};
		3B84807E2F730847000F16F0 /* Quack */ = {
			isa = PBXNativeTarget;
			buildConfigurationList = 3B84808C2F730848000F16F0 /* Build configuration list for PBXNativeTarget "Quack" */;
			buildPhases = (
				3BSEC0023000000200000002 /* Generate Secrets */,
				3B84807B2F730847000F16F0 /* Sources */,
				3B84807C2F730847000F16F0 /* Frameworks */,
				3B84807D2F730847000F16F0 /* Resources */,
				3BQK00042FC00004001F0EA1 /* Embed Frameworks */,
			);
			buildRules = (
			);
			dependencies = (
				3BQK00052FC00005001F0EA1 /* PBXTargetDependency */,
			);
			fileSystemSynchronizedGroups = (
				3B8480812F730847000F16F0 /* Quack */,
			);
			name = Quack;
			packageProductDependencies = (
				3BA00012300000000000F012 /* Markdown */,
				3BA00014300000000000F014 /* Sparkle */,
				3BQI00022FC10002001F0EA1 /* QuackInterface */,
			);
			productName = Quack;
			productReference = 3B84807F2F730847000F16F0 /* Quack.app */;
			productType = "com.apple.product-type.application";
		};
		3BQK00102FC00010001F0EA1 /* QuackKit */ = {
			isa = PBXNativeTarget;
			buildConfigurationList = 3BQK00202FC00020001F0EA1 /* Build configuration list for PBXNativeTarget "QuackKit" */;
			buildPhases = (
				3BQK00142FC00014001F0EA1 /* Sources */,
				3BQK00122FC00012001F0EA1 /* Frameworks */,
				3BQK00152FC00015001F0EA1 /* Resources */,
				3BQK00132FC00013001F0EA1 /* Headers */,
			);
			buildRules = (
			);
			dependencies = (
			);
			fileSystemSynchronizedGroups = (
				3BQK00112FC00011001F0EA1 /* QuackKit */,
			);
			name = QuackKit;
			packageProductDependencies = (
				3BQK00302FC00030001F0EA1 /* AgentRunKit */,
				3BQK00312FC00031001F0EA1 /* AgentRunKitFoundationModels */,
				3BQK00322FC00032001F0EA1 /* AgentRunKitMLX */,
				3BQK00332FC00033001F0EA1 /* QuackInterface */,
			);
			productName = QuackKit;
			productReference = 3BQK00002FC00000001F0EA1 /* QuackKit.framework */;
			productType = "com.apple.product-type.framework";
		};
/* End PBXNativeTarget section */

/* Begin PBXProject section */
		3B8480772F730847000F16F0 /* Project object */ = {
			isa = PBXProject;
			attributes = {
				BuildIndependentTargetsInParallel = 1;
				LastSwiftUpdateCheck = 2640;
				LastUpgradeCheck = 2640;
				TargetAttributes = {
					3B5852F22F9004380044E307 = {
						CreatedOnToolsVersion = 26.4;
					};
					3B84807E2F730847000F16F0 = {
						CreatedOnToolsVersion = 26.3;
					};
					3BQK00102FC00010001F0EA1 = {
						CreatedOnToolsVersion = 26.3;
					};
				};
			};
			buildConfigurationList = 3B84807A2F730847000F16F0 /* Build configuration list for PBXProject "Quack" */;
			developmentRegion = en;
			hasScannedForEncodings = 0;
			knownRegions = (
				en,
				Base,
			);
			mainGroup = 3B8480762F730847000F16F0;
			minimizedProjectReferenceProxies = 1;
			packageReferences = (
				3BA00021300000000000F021 /* XCRemoteSwiftPackageReference "AgentRunKit" */,
				3BA00022300000000000F022 /* XCRemoteSwiftPackageReference "swift-markdown" */,
				3BA00023300000000000F023 /* XCRemoteSwiftPackageReference "Sparkle" */,
				3BQI00012FC10001001F0EA1 /* XCLocalSwiftPackageReference "Packages/QuackInterface" */,
			);
			preferredProjectObjectVersion = 77;
			productRefGroup = 3B8480802F730847000F16F0 /* Products */;
			projectDirPath = "";
			projectRoot = "";
			targets = (
				3B84807E2F730847000F16F0 /* Quack */,
				3BQK00102FC00010001F0EA1 /* QuackKit */,
				3B5852F22F9004380044E307 /* QuackKitTests */,
			);
		};
/* End PBXProject section */

/* Begin PBXResourcesBuildPhase section */
		3B5852F12F9004380044E307 /* Resources */ = {
			isa = PBXResourcesBuildPhase;
			buildActionMask = 2147483647;
			files = (
			);
			runOnlyForDeploymentPostprocessing = 0;
		};
		3B84807D2F730847000F16F0 /* Resources */ = {
			isa = PBXResourcesBuildPhase;
			buildActionMask = 2147483647;
			files = (
			);
			runOnlyForDeploymentPostprocessing = 0;
		};
		3BQK00152FC00015001F0EA1 /* Resources */ = {
			isa = PBXResourcesBuildPhase;
			buildActionMask = 2147483647;
			files = (
			);
			runOnlyForDeploymentPostprocessing = 0;
		};
/* End PBXResourcesBuildPhase section */

/* Begin PBXShellScriptBuildPhase section */
		3BSEC0023000000200000002 /* Generate Secrets */ = {
			isa = PBXShellScriptBuildPhase;
			buildActionMask = 2147483647;
			files = (
			);
			inputPaths = (
				"$(SRCROOT)/Secrets.xcconfig",
				"$(SRCROOT)/scripts/generate-secrets.sh",
			);
			name = "Generate Secrets";
			outputPaths = (
				"$(SRCROOT)/Quack/Generated/Secrets.swift",
			);
			runOnlyForDeploymentPostprocessing = 0;
			shellPath = /bin/bash;
			shellScript = "\"${SRCROOT}/scripts/generate-secrets.sh\"\n";
		};
/* End PBXShellScriptBuildPhase section */

/* Begin PBXSourcesBuildPhase section */
		3B5852EF2F9004380044E307 /* Sources */ = {
			isa = PBXSourcesBuildPhase;
			buildActionMask = 2147483647;
			files = (
			);
			runOnlyForDeploymentPostprocessing = 0;
		};
		3B84807B2F730847000F16F0 /* Sources */ = {
			isa = PBXSourcesBuildPhase;
			buildActionMask = 2147483647;
			files = (
			);
			runOnlyForDeploymentPostprocessing = 0;
		};
		3BQK00142FC00014001F0EA1 /* Sources */ = {
			isa = PBXSourcesBuildPhase;
			buildActionMask = 2147483647;
			files = (
			);
			runOnlyForDeploymentPostprocessing = 0;
		};
/* End PBXSourcesBuildPhase section */

/* Begin PBXTargetDependency section */
		3B5852F92F9004380044E307 /* PBXTargetDependency */ = {
			isa = PBXTargetDependency;
			target = 3BQK00102FC00010001F0EA1 /* QuackKit */;
			targetProxy = 3B5852F82F9004380044E307 /* PBXContainerItemProxy */;
		};
		3BQK00052FC00005001F0EA1 /* PBXTargetDependency */ = {
			isa = PBXTargetDependency;
			target = 3BQK00102FC00010001F0EA1 /* QuackKit */;
			targetProxy = 3BQK00032FC00003001F0EA1 /* PBXContainerItemProxy */;
		};
/* End PBXTargetDependency section */

/* Begin XCBuildConfiguration section */
		3B5852FB2F9004380044E307 /* Debug */ = {
			isa = XCBuildConfiguration;
			buildSettings = {
				CODE_SIGN_STYLE = Automatic;
				CURRENT_PROJECT_VERSION = 1;
				DEVELOPMENT_TEAM = 46UKXDYHHC;
				ENABLE_USER_SCRIPT_SANDBOXING = YES;
				GENERATE_INFOPLIST_FILE = YES;
				MACOSX_DEPLOYMENT_TARGET = 26.3;
				MARKETING_VERSION = 1.0;
				PRODUCT_BUNDLE_IDENTIFIER = app.subpop.QuackKitTests;
				PRODUCT_NAME = "$(TARGET_NAME)";
				STRING_CATALOG_GENERATE_SYMBOLS = NO;
				SWIFT_APPROACHABLE_CONCURRENCY = YES;
				SWIFT_EMIT_LOC_STRINGS = NO;
				SWIFT_UPCOMING_FEATURE_MEMBER_IMPORT_VISIBILITY = YES;
				SWIFT_VERSION = 5.0;
			};
			name = Debug;
		};
		3B5852FC2F9004380044E307 /* Release */ = {
			isa = XCBuildConfiguration;
			buildSettings = {
				CODE_SIGN_STYLE = Automatic;
				CURRENT_PROJECT_VERSION = 1;
				DEVELOPMENT_TEAM = 46UKXDYHHC;
				ENABLE_USER_SCRIPT_SANDBOXING = YES;
				GENERATE_INFOPLIST_FILE = YES;
				MACOSX_DEPLOYMENT_TARGET = 26.3;
				MARKETING_VERSION = 1.0;
				PRODUCT_BUNDLE_IDENTIFIER = app.subpop.QuackKitTests;
				PRODUCT_NAME = "$(TARGET_NAME)";
				STRING_CATALOG_GENERATE_SYMBOLS = NO;
				SWIFT_APPROACHABLE_CONCURRENCY = YES;
				SWIFT_EMIT_LOC_STRINGS = NO;
				SWIFT_UPCOMING_FEATURE_MEMBER_IMPORT_VISIBILITY = YES;
				SWIFT_VERSION = 5.0;
			};
			name = Release;
		};
		3B84808A2F730848000F16F0 /* Debug */ = {
			isa = XCBuildConfiguration;
			baseConfigurationReference = 3BSEC0013000000100000001 /* Secrets.xcconfig */;
			buildSettings = {
				ALWAYS_SEARCH_USER_PATHS = NO;
				ASSETCATALOG_COMPILER_GENERATE_SWIFT_ASSET_SYMBOL_EXTENSIONS = YES;
				CLANG_ANALYZER_NONNULL = YES;
				CLANG_ANALYZER_NUMBER_OBJECT_CONVERSION = YES_AGGRESSIVE;
				CLANG_CXX_LANGUAGE_STANDARD = "gnu++20";
				CLANG_ENABLE_MODULES = YES;
				CLANG_ENABLE_OBJC_ARC = YES;
				CLANG_ENABLE_OBJC_WEAK = YES;
				CLANG_WARN_BLOCK_CAPTURE_AUTORELEASING = YES;
				CLANG_WARN_BOOL_CONVERSION = YES;
				CLANG_WARN_COMMA = YES;
				CLANG_WARN_CONSTANT_CONVERSION = YES;
				CLANG_WARN_DEPRECATED_OBJC_IMPLEMENTATIONS = YES;
				CLANG_WARN_DIRECT_OBJC_ISA_USAGE = YES_ERROR;
				CLANG_WARN_DOCUMENTATION_COMMENTS = YES;
				CLANG_WARN_EMPTY_BODY = YES;
				CLANG_WARN_ENUM_CONVERSION = YES;
				CLANG_WARN_INFINITE_RECURSION = YES;
				CLANG_WARN_INT_CONVERSION = YES;
				CLANG_WARN_NON_LITERAL_NULL_CONVERSION = YES;
				CLANG_WARN_OBJC_IMPLICIT_RETAIN_SELF = YES;
				CLANG_WARN_OBJC_LITERAL_CONVERSION = YES;
				CLANG_WARN_OBJC_ROOT_CLASS = YES_ERROR;
				CLANG_WARN_QUOTED_INCLUDE_IN_FRAMEWORK_HEADER = YES;
				CLANG_WARN_RANGE_LOOP_ANALYSIS = YES;
				CLANG_WARN_STRICT_PROTOTYPES = YES;
				CLANG_WARN_SUSPICIOUS_MOVE = YES;
				CLANG_WARN_UNGUARDED_AVAILABILITY = YES_AGGRESSIVE;
				CLANG_WARN_UNREACHABLE_CODE = YES;
				CLANG_WARN__DUPLICATE_METHOD_MATCH = YES;
				COPY_PHASE_STRIP = NO;
				DEAD_CODE_STRIPPING = YES;
				DEBUG_INFORMATION_FORMAT = dwarf;
				ENABLE_STRICT_OBJC_MSGSEND = YES;
				ENABLE_TESTABILITY = YES;
				ENABLE_USER_SCRIPT_SANDBOXING = NO;
				GCC_C_LANGUAGE_STANDARD = gnu17;
				GCC_DYNAMIC_NO_PIC = NO;
				GCC_NO_COMMON_BLOCKS = YES;
				GCC_OPTIMIZATION_LEVEL = 0;
				GCC_PREPROCESSOR_DEFINITIONS = (
					"DEBUG=1",
					"$(inherited)",
				);
				GCC_WARN_64_TO_32_BIT_CONVERSION = YES;
				GCC_WARN_ABOUT_RETURN_TYPE = YES_ERROR;
				GCC_WARN_UNDECLARED_SELECTOR = YES;
				GCC_WARN_UNINITIALIZED_AUTOS = YES_AGGRESSIVE;
				GCC_WARN_UNUSED_FUNCTION = YES;
				GCC_WARN_UNUSED_VARIABLE = YES;
				LOCALIZATION_PREFERS_STRING_CATALOGS = YES;
				MACOSX_DEPLOYMENT_TARGET = 26.2;
				MTL_ENABLE_DEBUG_INFO = INCLUDE_SOURCE;
				MTL_FAST_MATH = YES;
				ONLY_ACTIVE_ARCH = YES;
				SDKROOT = macosx;
				STRING_CATALOG_GENERATE_SYMBOLS = YES;
				SWIFT_ACTIVE_COMPILATION_CONDITIONS = "DEBUG $(inherited)";
				SWIFT_OPTIMIZATION_LEVEL = "-Onone";
				SWIFT_VERSION = 6.0;
			};
			name = Debug;
		};
		3B84808B2F730848000F16F0 /* Release */ = {
			isa = XCBuildConfiguration;
			baseConfigurationReference = 3BSEC0013000000100000001 /* Secrets.xcconfig */;
			buildSettings = {
				ALWAYS_SEARCH_USER_PATHS = NO;
				ASSETCATALOG_COMPILER_GENERATE_SWIFT_ASSET_SYMBOL_EXTENSIONS = YES;
				CLANG_ANALYZER_NONNULL = YES;
				CLANG_ANALYZER_NUMBER_OBJECT_CONVERSION = YES_AGGRESSIVE;
				CLANG_CXX_LANGUAGE_STANDARD = "gnu++20";
				CLANG_ENABLE_MODULES = YES;
				CLANG_ENABLE_OBJC_ARC = YES;
				CLANG_ENABLE_OBJC_WEAK = YES;
				CLANG_WARN_BLOCK_CAPTURE_AUTORELEASING = YES;
				CLANG_WARN_BOOL_CONVERSION = YES;
				CLANG_WARN_COMMA = YES;
				CLANG_WARN_CONSTANT_CONVERSION = YES;
				CLANG_WARN_DEPRECATED_OBJC_IMPLEMENTATIONS = YES;
				CLANG_WARN_DIRECT_OBJC_ISA_USAGE = YES_ERROR;
				CLANG_WARN_DOCUMENTATION_COMMENTS = YES;
				CLANG_WARN_EMPTY_BODY = YES;
				CLANG_WARN_ENUM_CONVERSION = YES;
				CLANG_WARN_INFINITE_RECURSION = YES;
				CLANG_WARN_INT_CONVERSION = YES;
				CLANG_WARN_NON_LITERAL_NULL_CONVERSION = YES;
				CLANG_WARN_OBJC_IMPLICIT_RETAIN_SELF = YES;
				CLANG_WARN_OBJC_LITERAL_CONVERSION = YES;
				CLANG_WARN_OBJC_ROOT_CLASS = YES_ERROR;
				CLANG_WARN_QUOTED_INCLUDE_IN_FRAMEWORK_HEADER = YES;
				CLANG_WARN_RANGE_LOOP_ANALYSIS = YES;
				CLANG_WARN_STRICT_PROTOTYPES = YES;
				CLANG_WARN_SUSPICIOUS_MOVE = YES;
				CLANG_WARN_UNGUARDED_AVAILABILITY = YES_AGGRESSIVE;
				CLANG_WARN_UNREACHABLE_CODE = YES;
				CLANG_WARN__DUPLICATE_METHOD_MATCH = YES;
				COPY_PHASE_STRIP = NO;
				DEAD_CODE_STRIPPING = YES;
				DEBUG_INFORMATION_FORMAT = "dwarf-with-dsym";
				ENABLE_NS_ASSERTIONS = NO;
				ENABLE_STRICT_OBJC_MSGSEND = YES;
				ENABLE_USER_SCRIPT_SANDBOXING = NO;
				GCC_C_LANGUAGE_STANDARD = gnu17;
				GCC_NO_COMMON_BLOCKS = YES;
				GCC_WARN_64_TO_32_BIT_CONVERSION = YES;
				GCC_WARN_ABOUT_RETURN_TYPE = YES_ERROR;
				GCC_WARN_UNDECLARED_SELECTOR = YES;
				GCC_WARN_UNINITIALIZED_AUTOS = YES_AGGRESSIVE;
				GCC_WARN_UNUSED_FUNCTION = YES;
				GCC_WARN_UNUSED_VARIABLE = YES;
				LOCALIZATION_PREFERS_STRING_CATALOGS = YES;
				MACOSX_DEPLOYMENT_TARGET = 26.2;
				MTL_ENABLE_DEBUG_INFO = NO;
				MTL_FAST_MATH = YES;
				SDKROOT = macosx;
				STRING_CATALOG_GENERATE_SYMBOLS = YES;
				SWIFT_COMPILATION_MODE = wholemodule;
				SWIFT_VERSION = 6.0;
			};
			name = Release;
		};
		3B84808D2F730848000F16F0 /* Debug */ = {
			isa = XCBuildConfiguration;
			baseConfigurationReference = 3BSEC0013000000100000001 /* Secrets.xcconfig */;
			buildSettings = {
				ASSETCATALOG_COMPILER_APPICON_NAME = AppIcon;
				ASSETCATALOG_COMPILER_GLOBAL_ACCENT_COLOR_NAME = AccentColor;
				CODE_SIGN_STYLE = Automatic;
				COMBINE_HIDPI_IMAGES = YES;
				CURRENT_PROJECT_VERSION = 3;
				DEAD_CODE_STRIPPING = YES;
				ENABLE_APP_SANDBOX = NO;
				ENABLE_HARDENED_RUNTIME = YES;
				ENABLE_PREVIEWS = YES;
				GENERATE_INFOPLIST_FILE = YES;
				INFOPLIST_FILE = "Quack-Info.plist";
				INFOPLIST_KEY_LSApplicationCategoryType = "public.app-category.productivity";
				INFOPLIST_KEY_NSHumanReadableCopyright = "";
				LD_RUNPATH_SEARCH_PATHS = (
					"$(inherited)",
					"@executable_path/../Frameworks",
				);
				MACOSX_DEPLOYMENT_TARGET = 26.0;
				MARKETING_VERSION = 0.1.2;
				PRODUCT_BUNDLE_IDENTIFIER = app.subpop.Quack;
				PRODUCT_NAME = "$(TARGET_NAME)";
				REGISTER_APP_GROUPS = YES;
				STRING_CATALOG_GENERATE_SYMBOLS = YES;
				SWIFT_APPROACHABLE_CONCURRENCY = YES;
				SWIFT_DEFAULT_ACTOR_ISOLATION = MainActor;
				SWIFT_EMIT_LOC_STRINGS = YES;
				SWIFT_UPCOMING_FEATURE_MEMBER_IMPORT_VISIBILITY = YES;
			};
			name = Debug;
		};
		3B84808E2F730848000F16F0 /* Release */ = {
			isa = XCBuildConfiguration;
			baseConfigurationReference = 3BSEC0013000000100000001 /* Secrets.xcconfig */;
			buildSettings = {
				ASSETCATALOG_COMPILER_APPICON_NAME = AppIcon;
				ASSETCATALOG_COMPILER_GLOBAL_ACCENT_COLOR_NAME = AccentColor;
				CODE_SIGN_STYLE = Automatic;
				COMBINE_HIDPI_IMAGES = YES;
				CURRENT_PROJECT_VERSION = 3;
				DEAD_CODE_STRIPPING = YES;
				ENABLE_APP_SANDBOX = NO;
				ENABLE_HARDENED_RUNTIME = YES;
				ENABLE_PREVIEWS = YES;
				GENERATE_INFOPLIST_FILE = YES;
				INFOPLIST_FILE = "Quack-Info.plist";
				INFOPLIST_KEY_LSApplicationCategoryType = "public.app-category.productivity";
				INFOPLIST_KEY_NSHumanReadableCopyright = "";
				LD_RUNPATH_SEARCH_PATHS = (
					"$(inherited)",
					"@executable_path/../Frameworks",
				);
				MACOSX_DEPLOYMENT_TARGET = 26.0;
				MARKETING_VERSION = 0.1.2;
				PRODUCT_BUNDLE_IDENTIFIER = app.subpop.Quack;
				PRODUCT_NAME = "$(TARGET_NAME)";
				REGISTER_APP_GROUPS = YES;
				STRING_CATALOG_GENERATE_SYMBOLS = YES;
				SWIFT_APPROACHABLE_CONCURRENCY = YES;
				SWIFT_DEFAULT_ACTOR_ISOLATION = MainActor;
				SWIFT_EMIT_LOC_STRINGS = YES;
				SWIFT_UPCOMING_FEATURE_MEMBER_IMPORT_VISIBILITY = YES;
			};
			name = Release;
		};
		3BQK00212FC00021001F0EA1 /* Debug */ = {
			isa = XCBuildConfiguration;
			buildSettings = {
				CODE_SIGN_STYLE = Automatic;
				CURRENT_PROJECT_VERSION = 1;
				DEAD_CODE_STRIPPING = YES;
				DEFINES_MODULE = YES;
				DEVELOPMENT_TEAM = "";
				DYLIB_COMPATIBILITY_VERSION = 1;
				DYLIB_CURRENT_VERSION = 1;
				DYLIB_INSTALL_NAME_BASE = "@rpath";
				ENABLE_MODULE_VERIFIER = YES;
				GENERATE_INFOPLIST_FILE = YES;
				INFOPLIST_KEY_NSHumanReadableCopyright = "";
				INSTALL_PATH = "$(LOCAL_LIBRARY_DIR)/Frameworks";
				LD_RUNPATH_SEARCH_PATHS = (
					"$(inherited)",
					"@executable_path/../Frameworks",
					"@loader_path/Frameworks",
				);
				MACOSX_DEPLOYMENT_TARGET = 26.0;
				MARKETING_VERSION = 1.0;
				MODULE_VERIFIER_SUPPORTED_LANGUAGE_STANDARDS = "gnu17 gnu++20";
				PRODUCT_BUNDLE_IDENTIFIER = app.subpop.QuackKit;
				PRODUCT_NAME = "$(TARGET_NAME:c99extidentifier)";
				SKIP_INSTALL = YES;
				SWIFT_APPROACHABLE_CONCURRENCY = YES;
				SWIFT_DEFAULT_ACTOR_ISOLATION = MainActor;
				SWIFT_EMIT_LOC_STRINGS = YES;
				SWIFT_UPCOMING_FEATURE_MEMBER_IMPORT_VISIBILITY = YES;
				SWIFT_VERSION = 6.0;
			};
			name = Debug;
		};
		3BQK00222FC00022001F0EA1 /* Release */ = {
			isa = XCBuildConfiguration;
			buildSettings = {
				CODE_SIGN_STYLE = Automatic;
				CURRENT_PROJECT_VERSION = 1;
				DEAD_CODE_STRIPPING = YES;
				DEFINES_MODULE = YES;
				DEVELOPMENT_TEAM = "";
				DYLIB_COMPATIBILITY_VERSION = 1;
				DYLIB_CURRENT_VERSION = 1;
				DYLIB_INSTALL_NAME_BASE = "@rpath";
				ENABLE_MODULE_VERIFIER = YES;
				GENERATE_INFOPLIST_FILE = YES;
				INFOPLIST_KEY_NSHumanReadableCopyright = "";
				INSTALL_PATH = "$(LOCAL_LIBRARY_DIR)/Frameworks";
				LD_RUNPATH_SEARCH_PATHS = (
					"$(inherited)",
					"@executable_path/../Frameworks",
					"@loader_path/Frameworks",
				);
				MACOSX_DEPLOYMENT_TARGET = 26.0;
				MARKETING_VERSION = 1.0;
				MODULE_VERIFIER_SUPPORTED_LANGUAGE_STANDARDS = "gnu17 gnu++20";
				PRODUCT_BUNDLE_IDENTIFIER = app.subpop.QuackKit;
				PRODUCT_NAME = "$(TARGET_NAME:c99extidentifier)";
				SKIP_INSTALL = YES;
				SWIFT_APPROACHABLE_CONCURRENCY = YES;
				SWIFT_DEFAULT_ACTOR_ISOLATION = MainActor;
				SWIFT_EMIT_LOC_STRINGS = YES;
				SWIFT_UPCOMING_FEATURE_MEMBER_IMPORT_VISIBILITY = YES;
				SWIFT_VERSION = 6.0;
			};
			name = Release;
		};
/* End XCBuildConfiguration section */

/* Begin XCConfigurationList section */
		3B5852FA2F9004380044E307 /* Build configuration list for PBXNativeTarget "QuackKitTests" */ = {
			isa = XCConfigurationList;
			buildConfigurations = (
				3B5852FB2F9004380044E307 /* Debug */,
				3B5852FC2F9004380044E307 /* Release */,
			);
			defaultConfigurationIsVisible = 0;
			defaultConfigurationName = Release;
		};
		3B84807A2F730847000F16F0 /* Build configuration list for PBXProject "Quack" */ = {
			isa = XCConfigurationList;
			buildConfigurations = (
				3B84808A2F730848000F16F0 /* Debug */,
				3B84808B2F730848000F16F0 /* Release */,
			);
			defaultConfigurationIsVisible = 0;
			defaultConfigurationName = Release;
		};
		3B84808C2F730848000F16F0 /* Build configuration list for PBXNativeTarget "Quack" */ = {
			isa = XCConfigurationList;
			buildConfigurations = (
				3B84808D2F730848000F16F0 /* Debug */,
				3B84808E2F730848000F16F0 /* Release */,
			);
			defaultConfigurationIsVisible = 0;
			defaultConfigurationName = Release;
		};
		3BQK00202FC00020001F0EA1 /* Build configuration list for PBXNativeTarget "QuackKit" */ = {
			isa = XCConfigurationList;
			buildConfigurations = (
				3BQK00212FC00021001F0EA1 /* Debug */,
				3BQK00222FC00022001F0EA1 /* Release */,
			);
			defaultConfigurationIsVisible = 0;
			defaultConfigurationName = Release;
		};
/* End XCConfigurationList section */

/* Begin XCLocalSwiftPackageReference section */
		3BQI00012FC10001001F0EA1 /* XCLocalSwiftPackageReference "Packages/QuackInterface" */ = {
			isa = XCLocalSwiftPackageReference;
			relativePath = Packages/QuackInterface;
		};
/* End XCLocalSwiftPackageReference section */

/* Begin XCRemoteSwiftPackageReference section */
		3BA00021300000000000F021 /* XCRemoteSwiftPackageReference "AgentRunKit" */ = {
			isa = XCRemoteSwiftPackageReference;
			repositoryURL = "https://github.com/Tom-Ryder/AgentRunKit";
			requirement = {
				kind = upToNextMajorVersion;
				minimumVersion = 1.30.0;
			};
		};
		3BA00022300000000000F022 /* XCRemoteSwiftPackageReference "swift-markdown" */ = {
			isa = XCRemoteSwiftPackageReference;
			repositoryURL = "https://github.com/swiftlang/swift-markdown.git";
			requirement = {
				kind = upToNextMajorVersion;
				minimumVersion = 0.7.3;
			};
		};
		3BA00023300000000000F023 /* XCRemoteSwiftPackageReference "Sparkle" */ = {
			isa = XCRemoteSwiftPackageReference;
			repositoryURL = "https://github.com/sparkle-project/Sparkle";
			requirement = {
				kind = upToNextMajorVersion;
				minimumVersion = 2.6.0;
			};
		};
/* End XCRemoteSwiftPackageReference section */

/* Begin XCSwiftPackageProductDependency section */
		3BA00012300000000000F012 /* Markdown */ = {
			isa = XCSwiftPackageProductDependency;
			package = 3BA00022300000000000F022 /* XCRemoteSwiftPackageReference "swift-markdown" */;
			productName = Markdown;
		};
		3BA00014300000000000F014 /* Sparkle */ = {
			isa = XCSwiftPackageProductDependency;
			package = 3BA00023300000000000F023 /* XCRemoteSwiftPackageReference "Sparkle" */;
			productName = Sparkle;
		};
		3BQI00022FC10002001F0EA1 /* QuackInterface */ = {
			isa = XCSwiftPackageProductDependency;
			productName = QuackInterface;
		};
		3BQK00302FC00030001F0EA1 /* AgentRunKit */ = {
			isa = XCSwiftPackageProductDependency;
			package = 3BA00021300000000000F021 /* XCRemoteSwiftPackageReference "AgentRunKit" */;
			productName = AgentRunKit;
		};
		3BQK00312FC00031001F0EA1 /* AgentRunKitFoundationModels */ = {
			isa = XCSwiftPackageProductDependency;
			package = 3BA00021300000000000F021 /* XCRemoteSwiftPackageReference "AgentRunKit" */;
			productName = AgentRunKitFoundationModels;
		};
		3BQK00322FC00032001F0EA1 /* AgentRunKitMLX */ = {
			isa = XCSwiftPackageProductDependency;
			package = 3BA00021300000000000F021 /* XCRemoteSwiftPackageReference "AgentRunKit" */;
			productName = AgentRunKitMLX;
		};
		3BQK00332FC00033001F0EA1 /* QuackInterface */ = {
			isa = XCSwiftPackageProductDependency;
			productName = QuackInterface;
		};
/* End XCSwiftPackageProductDependency section */
	};
	rootObject = 3B8480772F730847000F16F0 /* Project object */;
}
